
Microsoft Visual Studio Solution File, Format Version 12.00
# Visual Studio Version 16
VisualStudioVersion = 16.0.28917.181
MinimumVisualStudioVersion = 10.0.40219.1
Project("{9A19103F-16F7-4668-BE54-9A1E7A4F7556}") = "App.Models", "App.Models\App.Models.csproj", "{8C53F231-18BD-4589-9C85-11E2EF58E8B4}"
EndProject
Project("{9A19103F-16F7-4668-BE54-9A1E7A4F7556}") = "App.DAL", "App.DAL\App.DAL.csproj", "{97BD0377-CEF5-4573-9DE7-83B9CEFBFC8A}"
EndProject
Project("{9A19103F-16F7-4668-BE54-9A1E7A4F7556}") = "App.BLL", "App.BLL\App.BLL.csproj", "{7A4938EC-89F7-4265-A6B7-A1ED367DDAF3}"
EndProject
Project("{9A19103F-16F7-4668-BE54-9A1E7A4F7556}") = "App.API", "App.API\App.API.csproj", "{89BCEA59-0EA5-4128-B3DA-5BD5451EADB2}"
EndProject
Project("{FAE04EC0-301F-11D3-BF4B-00C04F79EFBC}") = "App.WebAPI", "App.WebAPI\App.WebAPI.csproj", "{C40C56B8-6D9A-4ADB-8871-84D5BCDCC3B0}"
EndProject
Global
	GlobalSection(SolutionConfigurationPlatforms) = preSolution
		Debug|Any CPU = Debug|Any CPU
		Release|Any CPU = Release|Any CPU
	EndGlobalSection
	GlobalSection(ProjectConfigurationPlatforms) = postSolution
		{8C53F231-18BD-4589-9C85-11E2EF58E8B4}.Debug|Any CPU.ActiveCfg = Debug|Any CPU
		{8C53F231-18BD-4589-9C85-11E2EF58E8B4}.Debug|Any CPU.Build.0 = Debug|Any CPU
		{8C53F231-18BD-4589-9C85-11E2EF58E8B4}.Release|Any CPU.ActiveCfg = Release|Any CPU
		{8C53F231-18BD-4589-9C85-11E2EF58E8B4}.Release|Any CPU.Build.0 = Release|Any CPU
		{97BD0377-CEF5-4573-9DE7-83B9CEFBFC8A}.Debug|Any CPU.ActiveCfg = Debug|Any CPU
		{97BD0377-CEF5-4573-9DE7-83B9CEFBFC8A}.Debug|Any CPU.Build.0 = Debug|Any CPU
		{97BD0377-CEF5-4573-9DE7-83B9CEFBFC8A}.Release|Any CPU.ActiveCfg = Release|Any CPU
		{97BD0377-CEF5-4573-9DE7-83B9CEFBFC8A}.Release|Any CPU.Build.0 = Release|Any CPU
		{7A4938EC-89F7-4265-A6B7-A1ED367DDAF3}.Debug|Any CPU.ActiveCfg = Debug|Any CPU
		{7A4938EC-89F7-4265-A6B7-A1ED367DDAF3}.Debug|Any CPU.Build.0 = Debug|Any CPU
		{7A4938EC-89F7-4265-A6B7-A1ED367DDAF3}.Release|Any CPU.ActiveCfg = Release|Any CPU
		{7A4938EC-89F7-4265-A6B7-A1ED367DDAF3}.Release|Any CPU.Build.0 = Release|Any CPU
		{89BCEA59-0EA5-4128-B3DA-5BD5451EADB2}.Debug|Any CPU.ActiveCfg = Debug|Any CPU
		{89BCEA59-0EA5-4128-B3DA-5BD5451EADB2}.Debug|Any CPU.Build.0 = Debug|Any CPU
		{89BCEA59-0EA5-4128-B3DA-5BD5451EADB2}.Release|Any CPU.ActiveCfg = Release|Any CPU
		{89BCEA59-0EA5-4128-B3DA-5BD5451EADB2}.Release|Any CPU.Build.0 = Release|Any CPU
		{C40C56B8-6D9A-4ADB-8871-84D5BCDCC3B0}.Debug|Any CPU.ActiveCfg = Debug|Any CPU
		{C40C56B8-6D9A-4ADB-8871-84D5BCDCC3B0}.Debug|Any CPU.Build.0 = Debug|Any CPU
		{C40C56B8-6D9A-4ADB-8871-84D5BCDCC3B0}.Release|Any CPU.ActiveCfg = Release|Any CPU
		{C40C56B8-6D9A-4ADB-8871-84D5BCDCC3B0}.Release|Any CPU.Build.0 = Release|Any CPU
	EndGlobalSection
	GlobalSection(SolutionProperties) = preSolution
		HideSolutionNode = FALSE
	EndGlobalSection
	GlobalSection(ExtensibilityGlobals) = postSolution
		SolutionGuid = {50873176-C2CF-4D30-ABCA-226579234097}
	EndGlobalSection
EndGlobal
